// !$*UTF8*$!
{
	archiveVersion = 1;
	classes = {
	};
	objectVersion = 46;
	objects = {

/* Begin PBXBuildFile section */
		8F0B076D1EAB32F00011079B /* ItemDetailsVC.swift in Sources */ = {isa = PBXBuildFile; fileRef = 8F0B076C1EAB32F00011079B /* ItemDetailsVC.swift */; };
		8F0B076F1EAB36DB0011079B /* CustomTextField.swift in Sources */ = {isa = PBXBuildFile; fileRef = 8F0B076E1EAB36DB0011079B /* CustomTextField.swift */; };
		8FC243BC1EAA52B900EF4FA8 /* AppDelegate.swift in Sources */ = {isa = PBXBuildFile; fileRef = 8FC243BB1EAA52B900EF4FA8 /* AppDelegate.swift */; };
		8FC243BE1EAA52B900EF4FA8 /* MainVC.swift in Sources */ = {isa = PBXBuildFile; fileRef = 8FC243BD1EAA52B900EF4FA8 /* MainVC.swift */; };
		8FC243C11EAA52B900EF4FA8 /* Main.storyboard in Resources */ = {isa = PBXBuildFile; fileRef = 8FC243BF1EAA52B900EF4FA8 /* Main.storyboard */; };
		8FC243C61EAA52B900EF4FA8 /* Assets.xcassets in Resources */ = {isa = PBXBuildFile; fileRef = 8FC243C51EAA52B900EF4FA8 /* Assets.xcassets */; };
		8FC243C91EAA52B900EF4FA8 /* LaunchScreen.storyboard in Resources */ = {isa = PBXBuildFile; fileRef = 8FC243C71EAA52B900EF4FA8 /* LaunchScreen.storyboard */; };
		8FC243D21EAA563900EF4FA8 /* DreamLister.xcdatamodeld in Sources */ = {isa = PBXBuildFile; fileRef = 8FC243D01EAA563900EF4FA8 /* DreamLister.xcdatamodeld */; };
		8FC243DB1EAA574F00EF4FA8 /* Image+CoreDataClass.swift in Sources */ = {isa = PBXBuildFile; fileRef = 8FC243D31EAA574F00EF4FA8 /* Image+CoreDataClass.swift */; };
		8FC243DC1EAA574F00EF4FA8 /* Image+CoreDataProperties.swift in Sources */ = {isa = PBXBuildFile; fileRef = 8FC243D41EAA574F00EF4FA8 /* Image+CoreDataProperties.swift */; };
		8FC243DD1EAA574F00EF4FA8 /* Store+CoreDataClass.swift in Sources */ = {isa = PBXBuildFile; fileRef = 8FC243D51EAA574F00EF4FA8 /* Store+CoreDataClass.swift */; };
		8FC243DE1EAA574F00EF4FA8 /* Store+CoreDataProperties.swift in Sources */ = {isa = PBXBuildFile; fileRef = 8FC243D61EAA574F00EF4FA8 /* Store+CoreDataProperties.swift */; };
		8FC243DF1EAA574F00EF4FA8 /* ItemType+CoreDataClass.swift in Sources */ = {isa = PBXBuildFile; fileRef = 8FC243D71EAA574F00EF4FA8 /* ItemType+CoreDataClass.swift */; };
		8FC243E01EAA574F00EF4FA8 /* ItemType+CoreDataProperties.swift in Sources */ = {isa = PBXBuildFile; fileRef = 8FC243D81EAA574F00EF4FA8 /* ItemType+CoreDataProperties.swift */; };
		8FC243E11EAA574F00EF4FA8 /* Item+CoreDataClass.swift in Sources */ = {isa = PBXBuildFile; fileRef = 8FC243D91EAA574F00EF4FA8 /* Item+CoreDataClass.swift */; };
		8FC243E21EAA574F00EF4FA8 /* Item+CoreDataProperties.swift in Sources */ = {isa = PBXBuildFile; fileRef = 8FC243DA1EAA574F00EF4FA8 /* Item+CoreDataProperties.swift */; };
		8FC243E61EAA6B4E00EF4FA8 /* tesla.jpg in Resources */ = {isa = PBXBuildFile; fileRef = 8FC243E51EAA6B4E00EF4FA8 /* tesla.jpg */; };
		8FC243E91EAA6C3200EF4FA8 /* MaterialView.swift in Sources */ = {isa = PBXBuildFile; fileRef = 8FC243E81EAA6C3200EF4FA8 /* MaterialView.swift */; };
		8FC243EB1EAA6E4D00EF4FA8 /* ItemCell.swift in Sources */ = {isa = PBXBuildFile; fileRef = 8FC243EA1EAA6E4D00EF4FA8 /* ItemCell.swift */; };
/* End PBXBuildFile section */

/* Begin PBXFileReference section */
		8F0B076C1EAB32F00011079B /* ItemDetailsVC.swift */ = {isa = PBXFileReference; fileEncoding = 4; lastKnownFileType = sourcecode.swift; path = ItemDetailsVC.swift; sourceTree = "<group>"; };
		8F0B076E1EAB36DB0011079B /* CustomTextField.swift */ = {isa = PBXFileReference; fileEncoding = 4; lastKnownFileType = sourcecode.swift; path = CustomTextField.swift; sourceTree = "<group>"; };
		8FC243B81EAA52B900EF4FA8 /* DreamLister.app */ = {isa = PBXFileReference; explicitFileType = wrapper.application; includeInIndex = 0; path = DreamLister.app; sourceTree = BUILT_PRODUCTS_DIR; };
		8FC243BB1EAA52B900EF4FA8 /* AppDelegate.swift */ = {isa = PBXFileReference; lastKnownFileType = sourcecode.swift; path = AppDelegate.swift; sourceTree = "<group>"; };
		8FC243BD1EAA52B900EF4FA8 /* MainVC.swift */ = {isa = PBXFileReference; lastKnownFileType = sourcecode.swift; path = MainVC.swift; sourceTree = "<group>"; };
		8FC243C01EAA52B900EF4FA8 /* Base */ = {isa = PBXFileReference; lastKnownFileType = file.storyboard; name = Base; path = Base.lproj/Main.storyboard; sourceTree = "<group>"; };
		8FC243C51EAA52B900EF4FA8 /* Assets.xcassets */ = {isa = PBXFileReference; lastKnownFileType = folder.assetcatalog; path = Assets.xcassets; sourceTree = "<group>"; };
		8FC243C81EAA52B900EF4FA8 /* Base */ = {isa = PBXFileReference; lastKnownFileType = file.storyboard; name = Base; path = Base.lproj/LaunchScreen.storyboard; sourceTree = "<group>"; };
		8FC243CA1EAA52B900EF4FA8 /* Info.plist */ = {isa = PBXFileReference; lastKnownFileType = text.plist.xml; path = Info.plist; sourceTree = "<group>"; };
		8FC243D11EAA563900EF4FA8 /* DreamLister.xcdatamodel */ = {isa = PBXFileReference; lastKnownFileType = wrapper.xcdatamodel; path = DreamLister.xcdatamodel; sourceTree = "<group>"; };
		8FC243D31EAA574F00EF4FA8 /* Image+CoreDataClass.swift */ = {isa = PBXFileReference; fileEncoding = 4; lastKnownFileType = sourcecode.swift; path = "Image+CoreDataClass.swift"; sourceTree = "<group>"; };
		8FC243D41EAA574F00EF4FA8 /* Image+CoreDataProperties.swift */ = {isa = PBXFileReference; fileEncoding = 4; lastKnownFileType = sourcecode.swift; path = "Image+CoreDataProperties.swift"; sourceTree = "<group>"; };
		8FC243D51EAA574F00EF4FA8 /* Store+CoreDataClass.swift */ = {isa = PBXFileReference; fileEncoding = 4; lastKnownFileType = sourcecode.swift; path = "Store+CoreDataClass.swift"; sourceTree = "<group>"; };
		8FC243D61EAA574F00EF4FA8 /* Store+CoreDataProperties.swift */ = {isa = PBXFileReference; fileEncoding = 4; lastKnownFileType = sourcecode.swift; path = "Store+CoreDataProperties.swift"; sourceTree = "<group>"; };
		8FC243D71EAA574F00EF4FA8 /* ItemType+CoreDataClass.swift */ = {isa = PBXFileReference; fileEncoding = 4; lastKnownFileType = sourcecode.swift; path = "ItemType+CoreDataClass.swift"; sourceTree = "<group>"; };
		8FC243D81EAA574F00EF4FA8 /* ItemType+CoreDataProperties.swift */ = {isa = PBXFileReference; fileEncoding = 4; lastKnownFileType = sourcecode.swift; path = "ItemType+CoreDataProperties.swift"; sourceTree = "<group>"; };
		8FC243D91EAA574F00EF4FA8 /* Item+CoreDataClass.swift */ = {isa = PBXFileReference; fileEncoding = 4; lastKnownFileType = sourcecode.swift; path = "Item+CoreDataClass.swift"; sourceTree = "<group>"; };
		8FC243DA1EAA574F00EF4FA8 /* Item+CoreDataProperties.swift */ = {isa = PBXFileReference; fileEncoding = 4; lastKnownFileType = sourcecode.swift; path = "Item+CoreDataProperties.swift"; sourceTree = "<group>"; };
		8FC243E51EAA6B4E00EF4FA8 /* tesla.jpg */ = {isa = PBXFileReference; lastKnownFileType = image.jpeg; path = tesla.jpg; sourceTree = "<group>"; };
		8FC243E81EAA6C3200EF4FA8 /* MaterialView.swift */ = {isa = PBXFileReference; fileEncoding = 4; lastKnownFileType = sourcecode.swift; path = MaterialView.swift; sourceTree = "<group>"; };
		8FC243EA1EAA6E4D00EF4FA8 /* ItemCell.swift */ = {isa = PBXFileReference; fileEncoding = 4; lastKnownFileType = sourcecode.swift; path = ItemCell.swift; sourceTree = "<group>"; };
/* End PBXFileReference section */

/* Begin PBXFrameworksBuildPhase section */
		8FC243B51EAA52B900EF4FA8 /* Frameworks */ = {
			isa = PBXFrameworksBuildPhase;
			buildActionMask = 2147483647;
			files = (
			);
			runOnlyForDeploymentPostprocessing = 0;
		};
/* End PBXFrameworksBuildPhase section */

/* Begin PBXGroup section */
		8F0B076B1EAB32760011079B /* Controller */ = {
			isa = PBXGroup;
			children = (
				8FC243BD1EAA52B900EF4FA8 /* MainVC.swift */,
				8F0B076C1EAB32F00011079B /* ItemDetailsVC.swift */,
			);
			name = Controller;
			sourceTree = "<group>";
		};
		8FC243AF1EAA52B900EF4FA8 = {
			isa = PBXGroup;
			children = (
				8FC243BA1EAA52B900EF4FA8 /* DreamLister */,
				8FC243B91EAA52B900EF4FA8 /* Products */,
			);
			sourceTree = "<group>";
		};
		8FC243B91EAA52B900EF4FA8 /* Products */ = {
			isa = PBXGroup;
			children = (
				8FC243B81EAA52B900EF4FA8 /* DreamLister.app */,
			);
			name = Products;
			sourceTree = "<group>";
		};
		8FC243BA1EAA52B900EF4FA8 /* DreamLister */ = {
			isa = PBXGroup;
			children = (
				8FC243E71EAA6BE400EF4FA8 /* View */,
				8FC243E31EAA576700EF4FA8 /* Model */,
				8F0B076B1EAB32760011079B /* Controller */,
				8FC243BB1EAA52B900EF4FA8 /* AppDelegate.swift */,
				8FC243E51EAA6B4E00EF4FA8 /* tesla.jpg */,
				8FC243BF1EAA52B900EF4FA8 /* Main.storyboard */,
				8FC243C51EAA52B900EF4FA8 /* Assets.xcassets */,
				8FC243C71EAA52B900EF4FA8 /* LaunchScreen.storyboard */,
				8FC243CA1EAA52B900EF4FA8 /* Info.plist */,
				8FC243D01EAA563900EF4FA8 /* DreamLister.xcdatamodeld */,
			);
			path = DreamLister;
			sourceTree = "<group>";
		};
		8FC243E31EAA576700EF4FA8 /* Model */ = {
			isa = PBXGroup;
			children = (
				8FC243D31EAA574F00EF4FA8 /* Image+CoreDataClass.swift */,
				8FC243D51EAA574F00EF4FA8 /* Store+CoreDataClass.swift */,
				8FC243D71EAA574F00EF4FA8 /* ItemType+CoreDataClass.swift */,
				8FC243D91EAA574F00EF4FA8 /* Item+CoreDataClass.swift */,
				8FC243E41EAA576D00EF4FA8 /* Generated */,
			);
			name = Model;
			sourceTree = "<group>";
		};
		8FC243E41EAA576D00EF4FA8 /* Generated */ = {
			isa = PBXGroup;
			children = (
				8FC243D41EAA574F00EF4FA8 /* Image+CoreDataProperties.swift */,
				8FC243D61EAA574F00EF4FA8 /* Store+CoreDataProperties.swift */,
				8FC243D81EAA574F00EF4FA8 /* ItemType+CoreDataProperties.swift */,
				8FC243DA1EAA574F00EF4FA8 /* Item+CoreDataProperties.swift */,
			);
			name = Generated;
			sourceTree = "<group>";
		};
		8FC243E71EAA6BE400EF4FA8 /* View */ = {
			isa = PBXGroup;
			children = (
				8F0B076E1EAB36DB0011079B /* CustomTextField.swift */,
				8FC243E81EAA6C3200EF4FA8 /* MaterialView.swift */,
				8FC243EA1EAA6E4D00EF4FA8 /* ItemCell.swift */,
			);
			name = View;
			sourceTree = "<group>";
		};
/* End PBXGroup section */

/* Begin PBXNativeTarget section */
		8FC243B71EAA52B900EF4FA8 /* DreamLister */ = {
			isa = PBXNativeTarget;
			buildConfigurationList = 8FC243CD1EAA52B900EF4FA8 /* Build configuration list for PBXNativeTarget "DreamLister" */;
			buildPhases = (
				8FC243B41EAA52B900EF4FA8 /* Sources */,
				8FC243B51EAA52B900EF4FA8 /* Frameworks */,
				8FC243B61EAA52B900EF4FA8 /* Resources */,
			);
			buildRules = (
			);
			dependencies = (
			);
			name = DreamLister;
			productName = DreamLister;
			productReference = 8FC243B81EAA52B900EF4FA8 /* DreamLister.app */;
			productType = "com.apple.product-type.application";
		};
/* End PBXNativeTarget section */

/* Begin PBXProject section */
		8FC243B01EAA52B900EF4FA8 /* Project object */ = {
			isa = PBXProject;
			attributes = {
				LastSwiftUpdateCheck = 0830;
				LastUpgradeCheck = 0830;
				ORGANIZATIONNAME = Kosys;
				TargetAttributes = {
					8FC243B71EAA52B900EF4FA8 = {
						CreatedOnToolsVersion = 8.3.2;
						ProvisioningStyle = Automatic;
					};
				};
			};
			buildConfigurationList = 8FC243B31EAA52B900EF4FA8 /* Build configuration list for PBXProject "DreamLister" */;
			compatibilityVersion = "Xcode 3.2";
			developmentRegion = English;
			hasScannedForEncodings = 0;
			knownRegions = (
				en,
				Base,
			);
			mainGroup = 8FC243AF1EAA52B900EF4FA8;
			productRefGroup = 8FC243B91EAA52B900EF4FA8 /* Products */;
			projectDirPath = "";
			projectRoot = "";
			targets = (
				8FC243B71EAA52B900EF4FA8 /* DreamLister */,
			);
		};
/* End PBXProject section */

/* Begin PBXResourcesBuildPhase section */
		8FC243B61EAA52B900EF4FA8 /* Resources */ = {
			isa = PBXResourcesBuildPhase;
			buildActionMask = 2147483647;
			files = (
				8FC243E61EAA6B4E00EF4FA8 /* tesla.jpg in Resources */,
				8FC243C91EAA52B900EF4FA8 /* LaunchScreen.storyboard in Resources */,
				8FC243C61EAA52B900EF4FA8 /* Assets.xcassets in Resources */,
				8FC243C11EAA52B900EF4FA8 /* Main.storyboard in Resources */,
			);
			runOnlyForDeploymentPostprocessing = 0;
		};
/* End PBXResourcesBuildPhase section */

/* Begin PBXSourcesBuildPhase section */
		8FC243B41EAA52B900EF4FA8 /* Sources */ = {
			isa = PBXSourcesBuildPhase;
			buildActionMask = 2147483647;
			files = (
				8FC243EB1EAA6E4D00EF4FA8 /* ItemCell.swift in Sources */,
				8FC243E11EAA574F00EF4FA8 /* Item+CoreDataClass.swift in Sources */,
				8FC243BE1EAA52B900EF4FA8 /* MainVC.swift in Sources */,
				8FC243DD1EAA574F00EF4FA8 /* Store+CoreDataClass.swift in Sources */,
				8FC243E91EAA6C3200EF4FA8 /* MaterialView.swift in Sources */,
				8FC243E01EAA574F00EF4FA8 /* ItemType+CoreDataProperties.swift in Sources */,
				8FC243DC1EAA574F00EF4FA8 /* Image+CoreDataProperties.swift in Sources */,
				8FC243BC1EAA52B900EF4FA8 /* AppDelegate.swift in Sources */,
				8F0B076D1EAB32F00011079B /* ItemDetailsVC.swift in Sources */,
				8FC243DF1EAA574F00EF4FA8 /* ItemType+CoreDataClass.swift in Sources */,
				8FC243DE1EAA574F00EF4FA8 /* Store+CoreDataProperties.swift in Sources */,
				8FC243D21EAA563900EF4FA8 /* DreamLister.xcdatamodeld in Sources */,
				8FC243E21EAA574F00EF4FA8 /* Item+CoreDataProperties.swift in Sources */,
				8FC243DB1EAA574F00EF4FA8 /* Image+CoreDataClass.swift in Sources */,
				8F0B076F1EAB36DB0011079B /* CustomTextField.swift in Sources */,
			);
			runOnlyForDeploymentPostprocessing = 0;
		};
/* End PBXSourcesBuildPhase section */

/* Begin PBXVariantGroup section */
		8FC243BF1EAA52B900EF4FA8 /* Main.storyboard */ = {
			isa = PBXVariantGroup;
			children = (
				8FC243C01EAA52B900EF4FA8 /* Base */,
			);
			name = Main.storyboard;
			sourceTree = "<group>";
		};
		8FC243C71EAA52B900EF4FA8 /* LaunchScreen.storyboard */ = {
			isa = PBXVariantGroup;
			children = (
				8FC243C81EAA52B900EF4FA8 /* Base */,
			);
			name = LaunchScreen.storyboard;
			sourceTree = "<group>";
		};
/* End PBXVariantGroup section */

/* Begin XCBuildConfiguration section */
		8FC243CB1EAA52B900EF4FA8 /* Debug */ = {
			isa = XCBuildConfiguration;
			buildSettings = {
				ALWAYS_SEARCH_USER_PATHS = NO;
				CLANG_ANALYZER_NONNULL = YES;
				CLANG_ANALYZER_NUMBER_OBJECT_CONVERSION = YES_AGGRESSIVE;
				CLANG_CXX_LANGUAGE_STANDARD = "gnu++0x";
				CLANG_CXX_LIBRARY = "libc++";
				CLANG_ENABLE_MODULES = YES;
				CLANG_ENABLE_OBJC_ARC = YES;
				CLANG_WARN_BOOL_CONVERSION = YES;
				CLANG_WARN_CONSTANT_CONVERSION = YES;
				CLANG_WARN_DIRECT_OBJC_ISA_USAGE = YES_ERROR;
				CLANG_WARN_DOCUMENTATION_COMMENTS = YES;
				CLANG_WARN_EMPTY_BODY = YES;
				CLANG_WARN_ENUM_CONVERSION = YES;
				CLANG_WARN_INFINITE_RECURSION = YES;
				CLANG_WARN_INT_CONVERSION = YES;
				CLANG_WARN_OBJC_ROOT_CLASS = YES_ERROR;
				CLANG_WARN_SUSPICIOUS_MOVE = YES;
				CLANG_WARN_UNREACHABLE_CODE = YES;
				CLANG_WARN__DUPLICATE_METHOD_MATCH = YES;
				"CODE_SIGN_IDENTITY[sdk=iphoneos*]" = "iPhone Developer";
				COPY_PHASE_STRIP = NO;
				DEBUG_INFORMATION_FORMAT = dwarf;
				ENABLE_STRICT_OBJC_MSGSEND = YES;
				ENABLE_TESTABILITY = YES;
				GCC_C_LANGUAGE_STANDARD = gnu99;
				GCC_DYNAMIC_NO_PIC = NO;
				GCC_NO_COMMON_BLOCKS = YES;
				GCC_OPTIMIZATION_LEVEL = 0;
				GCC_PREPROCESSOR_DEFINITIONS = (
					"DEBUG=1",
					"$(inherited)",
				);
				GCC_WARN_64_TO_32_BIT_CONVERSION = YES;
				GCC_WARN_ABOUT_RETURN_TYPE = YES_ERROR;
				GCC_WARN_UNDECLARED_SELECTOR = YES;
				GCC_WARN_UNINITIALIZED_AUTOS = YES_AGGRESSIVE;
				GCC_WARN_UNUSED_FUNCTION = YES;
				GCC_WARN_UNUSED_VARIABLE = YES;
				IPHONEOS_DEPLOYMENT_TARGET = 10.3;
				MTL_ENABLE_DEBUG_INFO = YES;
				ONLY_ACTIVE_ARCH = YES;
				SDKROOT = iphoneos;
				SWIFT_ACTIVE_COMPILATION_CONDITIONS = DEBUG;
				SWIFT_OPTIMIZATION_LEVEL = "-Onone";
				TARGETED_DEVICE_FAMILY = "1,2";
			};
			name = Debug;
		};
		8FC243CC1EAA52B900EF4FA8 /* Release */ = {
			isa = XCBuildConfiguration;
			buildSettings = {
				ALWAYS_SEARCH_USER_PATHS = NO;
				CLANG_ANALYZER_NONNULL = YES;
				CLANG_ANALYZER_NUMBER_OBJECT_CONVERSION = YES_AGGRESSIVE;
				CLANG_CXX_LANGUAGE_STANDARD = "gnu++0x";
				CLANG_CXX_LIBRARY = "libc++";
				CLANG_ENABLE_MODULES = YES;
				CLANG_ENABLE_OBJC_ARC = YES;
				CLANG_WARN_BOOL_CONVERSION = YES;
				CLANG_WARN_CONSTANT_CONVERSION = YES;
				CLANG_WARN_DIRECT_OBJC_ISA_USAGE = YES_ERROR;
				CLANG_WARN_DOCUMENTATION_COMMENTS = YES;
				CLANG_WARN_EMPTY_BODY = YES;
				CLANG_WARN_ENUM_CONVERSION = YES;
				CLANG_WARN_INFINITE_RECURSION = YES;
				CLANG_WARN_INT_CONVERSION = YES;
				CLANG_WARN_OBJC_ROOT_CLASS = YES_ERROR;
				CLANG_WARN_SUSPICIOUS_MOVE = YES;
				CLANG_WARN_UNREACHABLE_CODE = YES;
				CLANG_WARN__DUPLICATE_METHOD_MATCH = YES;
				"CODE_SIGN_IDENTITY[sdk=iphoneos*]" = "iPhone Developer";
				COPY_PHASE_STRIP = NO;
				DEBUG_INFORMATION_FORMAT = "dwarf-with-dsym";
				ENABLE_NS_ASSERTIONS = NO;
				ENABLE_STRICT_OBJC_MSGSEND = YES;
				GCC_C_LANGUAGE_STANDARD = gnu99;
				GCC_NO_COMMON_BLOCKS = YES;
				GCC_WARN_64_TO_32_BIT_CONVERSION = YES;
				GCC_WARN_ABOUT_RETURN_TYPE = YES_ERROR;
				GCC_WARN_UNDECLARED_SELECTOR = YES;
				GCC_WARN_UNINITIALIZED_AUTOS = YES_AGGRESSIVE;
				GCC_WARN_UNUSED_FUNCTION = YES;
				GCC_WARN_UNUSED_VARIABLE = YES;
				IPHONEOS_DEPLOYMENT_TARGET = 10.3;
				MTL_ENABLE_DEBUG_INFO = NO;
				SDKROOT = iphoneos;
				SWIFT_OPTIMIZATION_LEVEL = "-Owholemodule";
				TARGETED_DEVICE_FAMILY = "1,2";
				VALIDATE_PRODUCT = YES;
			};
			name = Release;
		};
		8FC243CE1EAA52B900EF4FA8 /* Debug */ = {
			isa = XCBuildConfiguration;
			buildSettings = {
				ASSETCATALOG_COMPILER_APPICON_NAME = AppIcon;
				INFOPLIST_FILE = DreamLister/Info.plist;
				LD_RUNPATH_SEARCH_PATHS = "$(inherited) @executable_path/Frameworks";
				PRODUCT_BUNDLE_IDENTIFIER = com.kosys.DreamLister;
				PRODUCT_NAME = "$(TARGET_NAME)";
				SWIFT_VERSION = 3.0;
			};
			name = Debug;
		};
		8FC243CF1EAA52B900EF4FA8 /* Release */ = {
			isa = XCBuildConfiguration;
			buildSettings = {
				ASSETCATALOG_COMPILER_APPICON_NAME = AppIcon;
				INFOPLIST_FILE = DreamLister/Info.plist;
				LD_RUNPATH_SEARCH_PATHS = "$(inherited) @executable_path/Frameworks";
				PRODUCT_BUNDLE_IDENTIFIER = com.kosys.DreamLister;
				PRODUCT_NAME = "$(TARGET_NAME)";
				SWIFT_VERSION = 3.0;
			};
			name = Release;
		};
/* End XCBuildConfiguration section */

/* Begin XCConfigurationList section */
		8FC243B31EAA52B900EF4FA8 /* Build configuration list for PBXProject "DreamLister" */ = {
			isa = XCConfigurationList;
			buildConfigurations = (
				8FC243CB1EAA52B900EF4FA8 /* Debug */,
				8FC243CC1EAA52B900EF4FA8 /* Release */,
			);
			defaultConfigurationIsVisible = 0;
			defaultConfigurationName = Release;
		};
		8FC243CD1EAA52B900EF4FA8 /* Build configuration list for PBXNativeTarget "DreamLister" */ = {
			isa = XCConfigurationList;
			buildConfigurations = (
				8FC243CE1EAA52B900EF4FA8 /* Debug */,
				8FC243CF1EAA52B900EF4FA8 /* Release */,
			);
			defaultConfigurationIsVisible = 0;
			defaultConfigurationName = Release;
		};
/* End XCConfigurationList section */

/* Begin XCVersionGroup section */
		8FC243D01EAA563900EF4FA8 /* DreamLister.xcdatamodeld */ = {
			isa = XCVersionGroup;
			children = (
				8FC243D11EAA563900EF4FA8 /* DreamLister.xcdatamodel */,
			);
			currentVersion = 8FC243D11EAA563900EF4FA8 /* DreamLister.xcdatamodel */;
			path = DreamLister.xcdatamodeld;
			sourceTree = "<group>";
			versionGroupType = wrapper.xcdatamodel;
		};
/* End XCVersionGroup section */
	};
	rootObject = 8FC243B01EAA52B900EF4FA8 /* Project object */;
}
